// !$*UTF8*$!
{
	archiveVersion = 1;
	classes = {
	};
	objectVersion = 46;
	objects = {

/* Begin PBXBuildFile section */
		3D1704D41BEC30C40030EC38 /* AppDelegate.swift in Sources */ = {isa = PBXBuildFile; fileRef = 3D1704D31BEC30C40030EC38 /* AppDelegate.swift */; };
		3D1704D61BEC30C40030EC38 /* ViewController.swift in Sources */ = {isa = PBXBuildFile; fileRef = 3D1704D51BEC30C40030EC38 /* ViewController.swift */; };
		3D1704D91BEC30C40030EC38 /* Main.storyboard in Resources */ = {isa = PBXBuildFile; fileRef = 3D1704D71BEC30C40030EC38 /* Main.storyboard */; };
		3D1704DB1BEC30C40030EC38 /* Assets.xcassets in Resources */ = {isa = PBXBuildFile; fileRef = 3D1704DA1BEC30C40030EC38 /* Assets.xcassets */; };
		3D1704DE1BEC30C40030EC38 /* LaunchScreen.storyboard in Resources */ = {isa = PBXBuildFile; fileRef = 3D1704DC1BEC30C40030EC38 /* LaunchScreen.storyboard */; };
		3D1704F41BEC30C50030EC38 /* TestTaskUITests.swift in Sources */ = {isa = PBXBuildFile; fileRef = 3D1704F31BEC30C50030EC38 /* TestTaskUITests.swift */; };
		3D31AD461BF477BE001C630A /* DetailedController.swift in Sources */ = {isa = PBXBuildFile; fileRef = 3D31AD451BF477BE001C630A /* DetailedController.swift */; };
		3D31AD481BF47913001C630A /* TestData.swift in Sources */ = {isa = PBXBuildFile; fileRef = 3D31AD471BF47913001C630A /* TestData.swift */; };
		3D31AD4A1BF4A351001C630A /* GetiTunesData.swift in Sources */ = {isa = PBXBuildFile; fileRef = 3D31AD491BF4A351001C630A /* GetiTunesData.swift */; };
		3D541AA51BF1F2CD00CBF686 /* ScrollViewContainer.swift in Sources */ = {isa = PBXBuildFile; fileRef = 3D541AA41BF1F2CD00CBF686 /* ScrollViewContainer.swift */; };
		3D541AA71BF2031400CBF686 /* Album.swift in Sources */ = {isa = PBXBuildFile; fileRef = 3D541AA61BF2031400CBF686 /* Album.swift */; };
		3D541AB01BF2378600CBF686 /* RetrieveImage.swift in Sources */ = {isa = PBXBuildFile; fileRef = 3D541AAF1BF2378600CBF686 /* RetrieveImage.swift */; };
		3D541AB81BF28D2E00CBF686 /* APIConnector.swift in Sources */ = {isa = PBXBuildFile; fileRef = 3D541AB71BF28D2E00CBF686 /* APIConnector.swift */; };
		3D541ABA1BF29E2B00CBF686 /* na.jpg in Resources */ = {isa = PBXBuildFile; fileRef = 3D541AB91BF29E2B00CBF686 /* na.jpg */; };
		3D541ABE1BF2B51300CBF686 /* TestRetrieveImage.swift in Sources */ = {isa = PBXBuildFile; fileRef = 3D541ABD1BF2B51300CBF686 /* TestRetrieveImage.swift */; };
/* End PBXBuildFile section */

/* Begin PBXContainerItemProxy section */
		3D1704E51BEC30C50030EC38 /* PBXContainerItemProxy */ = {
			isa = PBXContainerItemProxy;
			containerPortal = 3D1704C81BEC30C40030EC38 /* Project object */;
			proxyType = 1;
			remoteGlobalIDString = 3D1704CF1BEC30C40030EC38;
			remoteInfo = TestTask;
		};
		3D1704F01BEC30C50030EC38 /* PBXContainerItemProxy */ = {
			isa = PBXContainerItemProxy;
			containerPortal = 3D1704C81BEC30C40030EC38 /* Project object */;
			proxyType = 1;
			remoteGlobalIDString = 3D1704CF1BEC30C40030EC38;
			remoteInfo = TestTask;
		};
/* End PBXContainerItemProxy section */

/* Begin PBXFileReference section */
		3D1704D01BEC30C40030EC38 /* TestTask.app */ = {isa = PBXFileReference; explicitFileType = wrapper.application; includeInIndex = 0; path = TestTask.app; sourceTree = BUILT_PRODUCTS_DIR; };
		3D1704D31BEC30C40030EC38 /* AppDelegate.swift */ = {isa = PBXFileReference; lastKnownFileType = sourcecode.swift; path = AppDelegate.swift; sourceTree = "<group>"; };
		3D1704D51BEC30C40030EC38 /* ViewController.swift */ = {isa = PBXFileReference; lastKnownFileType = sourcecode.swift; path = ViewController.swift; sourceTree = "<group>"; };
		3D1704D81BEC30C40030EC38 /* Base */ = {isa = PBXFileReference; lastKnownFileType = file.storyboard; name = Base; path = Base.lproj/Main.storyboard; sourceTree = "<group>"; };
		3D1704DA1BEC30C40030EC38 /* Assets.xcassets */ = {isa = PBXFileReference; lastKnownFileType = folder.assetcatalog; path = Assets.xcassets; sourceTree = "<group>"; };
		3D1704DD1BEC30C40030EC38 /* Base */ = {isa = PBXFileReference; lastKnownFileType = file.storyboard; name = Base; path = Base.lproj/LaunchScreen.storyboard; sourceTree = "<group>"; };
		3D1704DF1BEC30C40030EC38 /* Info.plist */ = {isa = PBXFileReference; lastKnownFileType = text.plist.xml; path = Info.plist; sourceTree = "<group>"; };
		3D1704E41BEC30C50030EC38 /* TestTaskTests.xctest */ = {isa = PBXFileReference; explicitFileType = wrapper.cfbundle; includeInIndex = 0; path = TestTaskTests.xctest; sourceTree = BUILT_PRODUCTS_DIR; };
		3D1704EA1BEC30C50030EC38 /* Info.plist */ = {isa = PBXFileReference; lastKnownFileType = text.plist.xml; path = Info.plist; sourceTree = "<group>"; };
		3D1704EF1BEC30C50030EC38 /* TestTaskUITests.xctest */ = {isa = PBXFileReference; explicitFileType = wrapper.cfbundle; includeInIndex = 0; path = TestTaskUITests.xctest; sourceTree = BUILT_PRODUCTS_DIR; };
		3D1704F31BEC30C50030EC38 /* TestTaskUITests.swift */ = {isa = PBXFileReference; lastKnownFileType = sourcecode.swift; path = TestTaskUITests.swift; sourceTree = "<group>"; };
		3D1704F51BEC30C50030EC38 /* Info.plist */ = {isa = PBXFileReference; lastKnownFileType = text.plist.xml; path = Info.plist; sourceTree = "<group>"; };
		3D31AD451BF477BE001C630A /* DetailedController.swift */ = {isa = PBXFileReference; fileEncoding = 4; lastKnownFileType = sourcecode.swift; path = DetailedController.swift; sourceTree = "<group>"; };
		3D31AD471BF47913001C630A /* TestData.swift */ = {isa = PBXFileReference; fileEncoding = 4; lastKnownFileType = sourcecode.swift; path = TestData.swift; sourceTree = "<group>"; wrapsLines = 0; };
		3D31AD491BF4A351001C630A /* GetiTunesData.swift */ = {isa = PBXFileReference; fileEncoding = 4; lastKnownFileType = sourcecode.swift; path = GetiTunesData.swift; sourceTree = "<group>"; };
		3D541AA41BF1F2CD00CBF686 /* ScrollViewContainer.swift */ = {isa = PBXFileReference; fileEncoding = 4; lastKnownFileType = sourcecode.swift; path = ScrollViewContainer.swift; sourceTree = "<group>"; };
		3D541AA61BF2031400CBF686 /* Album.swift */ = {isa = PBXFileReference; fileEncoding = 4; lastKnownFileType = sourcecode.swift; path = Album.swift; sourceTree = "<group>"; };
		3D541AAF1BF2378600CBF686 /* RetrieveImage.swift */ = {isa = PBXFileReference; fileEncoding = 4; lastKnownFileType = sourcecode.swift; path = RetrieveImage.swift; sourceTree = "<group>"; };
		3D541AB71BF28D2E00CBF686 /* APIConnector.swift */ = {isa = PBXFileReference; fileEncoding = 4; lastKnownFileType = sourcecode.swift; path = APIConnector.swift; sourceTree = "<group>"; };
		3D541AB91BF29E2B00CBF686 /* na.jpg */ = {isa = PBXFileReference; lastKnownFileType = image.jpeg; path = na.jpg; sourceTree = "<group>"; };
		3D541ABD1BF2B51300CBF686 /* TestRetrieveImage.swift */ = {isa = PBXFileReference; fileEncoding = 4; lastKnownFileType = sourcecode.swift; path = TestRetrieveImage.swift; sourceTree = "<group>"; };
/* End PBXFileReference section */

/* Begin PBXFrameworksBuildPhase section */
		3D1704CD1BEC30C40030EC38 /* Frameworks */ = {
			isa = PBXFrameworksBuildPhase;
			buildActionMask = 2147483647;
			files = (
			);
			runOnlyForDeploymentPostprocessing = 0;
		};
		3D1704E11BEC30C50030EC38 /* Frameworks */ = {
			isa = PBXFrameworksBuildPhase;
			buildActionMask = 2147483647;
			files = (
			);
			runOnlyForDeploymentPostprocessing = 0;
		};
		3D1704EC1BEC30C50030EC38 /* Frameworks */ = {
			isa = PBXFrameworksBuildPhase;
			buildActionMask = 2147483647;
			files = (
			);
			runOnlyForDeploymentPostprocessing = 0;
		};
/* End PBXFrameworksBuildPhase section */

/* Begin PBXGroup section */
		3D1704C71BEC30C40030EC38 = {
			isa = PBXGroup;
			children = (
				3D1704D21BEC30C40030EC38 /* TestTask */,
				3D1704E71BEC30C50030EC38 /* TestTaskTests */,
				3D1704F21BEC30C50030EC38 /* TestTaskUITests */,
				3D1704D11BEC30C40030EC38 /* Products */,
			);
			sourceTree = "<group>";
		};
		3D1704D11BEC30C40030EC38 /* Products */ = {
			isa = PBXGroup;
			children = (
				3D1704D01BEC30C40030EC38 /* TestTask.app */,
				3D1704E41BEC30C50030EC38 /* TestTaskTests.xctest */,
				3D1704EF1BEC30C50030EC38 /* TestTaskUITests.xctest */,
			);
			name = Products;
			sourceTree = "<group>";
		};
		3D1704D21BEC30C40030EC38 /* TestTask */ = {
			isa = PBXGroup;
			children = (
				3D541AA91BF2033D00CBF686 /* View */,
				3D541AAC1BF2373A00CBF686 /* Interactor */,
				3D541AB11BF238DC00CBF686 /* Presenter */,
				3D541AA81BF2032200CBF686 /* Entity */,
				3D541AB41BF27A9400CBF686 /* Router */,
				3D1704D31BEC30C40030EC38 /* AppDelegate.swift */,
				3D1704D71BEC30C40030EC38 /* Main.storyboard */,
				3D1704DA1BEC30C40030EC38 /* Assets.xcassets */,
				3D1704DC1BEC30C40030EC38 /* LaunchScreen.storyboard */,
				3D1704DF1BEC30C40030EC38 /* Info.plist */,
				3D541AB91BF29E2B00CBF686 /* na.jpg */,
			);
			path = TestTask;
			sourceTree = "<group>";
		};
		3D1704E71BEC30C50030EC38 /* TestTaskTests */ = {
			isa = PBXGroup;
			children = (
				3D1704EA1BEC30C50030EC38 /* Info.plist */,
				3D541ABD1BF2B51300CBF686 /* TestRetrieveImage.swift */,
			);
			path = TestTaskTests;
			sourceTree = "<group>";
		};
		3D1704F21BEC30C50030EC38 /* TestTaskUITests */ = {
			isa = PBXGroup;
			children = (
				3D1704F31BEC30C50030EC38 /* TestTaskUITests.swift */,
				3D1704F51BEC30C50030EC38 /* Info.plist */,
			);
			path = TestTaskUITests;
			sourceTree = "<group>";
		};
		3D541AA81BF2032200CBF686 /* Entity */ = {
			isa = PBXGroup;
			children = (
				3D541AA61BF2031400CBF686 /* Album.swift */,
			);
			name = Entity;
			sourceTree = "<group>";
		};
		3D541AA91BF2033D00CBF686 /* View */ = {
			isa = PBXGroup;
			children = (
				3D1704D51BEC30C40030EC38 /* ViewController.swift */,
				3D541AA41BF1F2CD00CBF686 /* ScrollViewContainer.swift */,
				3D31AD451BF477BE001C630A /* DetailedController.swift */,
			);
			name = View;
			sourceTree = "<group>";
		};
		3D541AAC1BF2373A00CBF686 /* Interactor */ = {
			isa = PBXGroup;
			children = (
				3D541AAF1BF2378600CBF686 /* RetrieveImage.swift */,
				3D541AB71BF28D2E00CBF686 /* APIConnector.swift */,
			);
			name = Interactor;
			sourceTree = "<group>";
		};
		3D541AB11BF238DC00CBF686 /* Presenter */ = {
			isa = PBXGroup;
			children = (
				3D31AD471BF47913001C630A /* TestData.swift */,
				3D31AD491BF4A351001C630A /* GetiTunesData.swift */,
			);
			name = Presenter;
			sourceTree = "<group>";
		};
		3D541AB41BF27A9400CBF686 /* Router */ = {
			isa = PBXGroup;
			children = (
			);
			name = Router;
			sourceTree = "<group>";
		};
/* End PBXGroup section */

/* Begin PBXNativeTarget section */
		3D1704CF1BEC30C40030EC38 /* TestTask */ = {
			isa = PBXNativeTarget;
			buildConfigurationList = 3D1704F81BEC30C50030EC38 /* Build configuration list for PBXNativeTarget "TestTask" */;
			buildPhases = (
				3D1704CC1BEC30C40030EC38 /* Sources */,
				3D1704CD1BEC30C40030EC38 /* Frameworks */,
				3D1704CE1BEC30C40030EC38 /* Resources */,
			);
			buildRules = (
			);
			dependencies = (
			);
			name = TestTask;
			productName = TestTask;
			productReference = 3D1704D01BEC30C40030EC38 /* TestTask.app */;
			productType = "com.apple.product-type.application";
		};
		3D1704E31BEC30C50030EC38 /* TestTaskTests */ = {
			isa = PBXNativeTarget;
			buildConfigurationList = 3D1704FB1BEC30C50030EC38 /* Build configuration list for PBXNativeTarget "TestTaskTests" */;
			buildPhases = (
				3D1704E01BEC30C50030EC38 /* Sources */,
				3D1704E11BEC30C50030EC38 /* Frameworks */,
				3D1704E21BEC30C50030EC38 /* Resources */,
			);
			buildRules = (
			);
			dependencies = (
				3D1704E61BEC30C50030EC38 /* PBXTargetDependency */,
			);
			name = TestTaskTests;
			productName = TestTaskTests;
			productReference = 3D1704E41BEC30C50030EC38 /* TestTaskTests.xctest */;
			productType = "com.apple.product-type.bundle.unit-test";
		};
		3D1704EE1BEC30C50030EC38 /* TestTaskUITests */ = {
			isa = PBXNativeTarget;
			buildConfigurationList = 3D1704FE1BEC30C50030EC38 /* Build configuration list for PBXNativeTarget "TestTaskUITests" */;
			buildPhases = (
				3D1704EB1BEC30C50030EC38 /* Sources */,
				3D1704EC1BEC30C50030EC38 /* Frameworks */,
				3D1704ED1BEC30C50030EC38 /* Resources */,
			);
			buildRules = (
			);
			dependencies = (
				3D1704F11BEC30C50030EC38 /* PBXTargetDependency */,
			);
			name = TestTaskUITests;
			productName = TestTaskUITests;
			productReference = 3D1704EF1BEC30C50030EC38 /* TestTaskUITests.xctest */;
			productType = "com.apple.product-type.bundle.ui-testing";
		};
/* End PBXNativeTarget section */

/* Begin PBXProject section */
		3D1704C81BEC30C40030EC38 /* Project object */ = {
			isa = PBXProject;
			attributes = {
				LastSwiftUpdateCheck = 0710;
				LastUpgradeCheck = 0710;
				ORGANIZATIONNAME = "Shahnawaz Alam";
				TargetAttributes = {
					3D1704CF1BEC30C40030EC38 = {
						CreatedOnToolsVersion = 7.1;
					};
					3D1704E31BEC30C50030EC38 = {
						CreatedOnToolsVersion = 7.1;
						TestTargetID = 3D1704CF1BEC30C40030EC38;
					};
					3D1704EE1BEC30C50030EC38 = {
						CreatedOnToolsVersion = 7.1;
						TestTargetID = 3D1704CF1BEC30C40030EC38;
					};
				};
			};
			buildConfigurationList = 3D1704CB1BEC30C40030EC38 /* Build configuration list for PBXProject "TestTask" */;
			compatibilityVersion = "Xcode 3.2";
			developmentRegion = English;
			hasScannedForEncodings = 0;
			knownRegions = (
				en,
				Base,
			);
			mainGroup = 3D1704C71BEC30C40030EC38;
			productRefGroup = 3D1704D11BEC30C40030EC38 /* Products */;
			projectDirPath = "";
			projectRoot = "";
			targets = (
				3D1704CF1BEC30C40030EC38 /* TestTask */,
				3D1704E31BEC30C50030EC38 /* TestTaskTests */,
				3D1704EE1BEC30C50030EC38 /* TestTaskUITests */,
			);
		};
/* End PBXProject section */

/* Begin PBXResourcesBuildPhase section */
		3D1704CE1BEC30C40030EC38 /* Resources */ = {
			isa = PBXResourcesBuildPhase;
			buildActionMask = 2147483647;
			files = (
				3D541ABA1BF29E2B00CBF686 /* na.jpg in Resources */,
				3D1704DE1BEC30C40030EC38 /* LaunchScreen.storyboard in Resources */,
				3D1704DB1BEC30C40030EC38 /* Assets.xcassets in Resources */,
				3D1704D91BEC30C40030EC38 /* Main.storyboard in Resources */,
			);
			runOnlyForDeploymentPostprocessing = 0;
		};
		3D1704E21BEC30C50030EC38 /* Resources */ = {
			isa = PBXResourcesBuildPhase;
			buildActionMask = 2147483647;
			files = (
			);
			runOnlyForDeploymentPostprocessing = 0;
		};
		3D1704ED1BEC30C50030EC38 /* Resources */ = {
			isa = PBXResourcesBuildPhase;
			buildActionMask = 2147483647;
			files = (
			);
			runOnlyForDeploymentPostprocessing = 0;
		};
/* End PBXResourcesBuildPhase section */

/* Begin PBXSourcesBuildPhase section */
		3D1704CC1BEC30C40030EC38 /* Sources */ = {
			isa = PBXSourcesBuildPhase;
			buildActionMask = 2147483647;
			files = (
				3D31AD481BF47913001C630A /* TestData.swift in Sources */,
				3D1704D61BEC30C40030EC38 /* ViewController.swift in Sources */,
				3D31AD4A1BF4A351001C630A /* GetiTunesData.swift in Sources */,
				3D541AB01BF2378600CBF686 /* RetrieveImage.swift in Sources */,
				3D541AB81BF28D2E00CBF686 /* APIConnector.swift in Sources */,
				3D31AD461BF477BE001C630A /* DetailedController.swift in Sources */,
				3D1704D41BEC30C40030EC38 /* AppDelegate.swift in Sources */,
				3D541AA51BF1F2CD00CBF686 /* ScrollViewContainer.swift in Sources */,
				3D541AA71BF2031400CBF686 /* Album.swift in Sources */,
			);
			runOnlyForDeploymentPostprocessing = 0;
		};
		3D1704E01BEC30C50030EC38 /* Sources */ = {
			isa = PBXSourcesBuildPhase;
			buildActionMask = 2147483647;
			files = (
				3D541ABE1BF2B51300CBF686 /* TestRetrieveImage.swift in Sources */,
			);
			runOnlyForDeploymentPostprocessing = 0;
		};
		3D1704EB1BEC30C50030EC38 /* Sources */ = {
			isa = PBXSourcesBuildPhase;
			buildActionMask = 2147483647;
			files = (
				3D1704F41BEC30C50030EC38 /* TestTaskUITests.swift in Sources */,
			);
			runOnlyForDeploymentPostprocessing = 0;
		};
/* End PBXSourcesBuildPhase section */

/* Begin PBXTargetDependency section */
		3D1704E61BEC30C50030EC38 /* PBXTargetDependency */ = {
			isa = PBXTargetDependency;
			target = 3D1704CF1BEC30C40030EC38 /* TestTask */;
			targetProxy = 3D1704E51BEC30C50030EC38 /* PBXContainerItemProxy */;
		};
		3D1704F11BEC30C50030EC38 /* PBXTargetDependency */ = {
			isa = PBXTargetDependency;
			target = 3D1704CF1BEC30C40030EC38 /* TestTask */;
			targetProxy = 3D1704F01BEC30C50030EC38 /* PBXContainerItemProxy */;
		};
/* End PBXTargetDependency section */

/* Begin PBXVariantGroup section */
		3D1704D71BEC30C40030EC38 /* Main.storyboard */ = {
			isa = PBXVariantGroup;
			children = (
				3D1704D81BEC30C40030EC38 /* Base */,
			);
			name = Main.storyboard;
			sourceTree = "<group>";
		};
		3D1704DC1BEC30C40030EC38 /* LaunchScreen.storyboard */ = {
			isa = PBXVariantGroup;
			children = (
				3D1704DD1BEC30C40030EC38 /* Base */,
			);
			name = LaunchScreen.storyboard;
			sourceTree = "<group>";
		};
/* End PBXVariantGroup section */

/* Begin XCBuildConfiguration section */
		3D1704F61BEC30C50030EC38 /* Debug */ = {
			isa = XCBuildConfiguration;
			buildSettings = {
				ALWAYS_SEARCH_USER_PATHS = NO;
				CLANG_CXX_LANGUAGE_STANDARD = "gnu++0x";
				CLANG_CXX_LIBRARY = "libc++";
				CLANG_ENABLE_MODULES = YES;
				CLANG_ENABLE_OBJC_ARC = YES;
				CLANG_WARN_BOOL_CONVERSION = YES;
				CLANG_WARN_CONSTANT_CONVERSION = YES;
				CLANG_WARN_DIRECT_OBJC_ISA_USAGE = YES_ERROR;
				CLANG_WARN_EMPTY_BODY = YES;
				CLANG_WARN_ENUM_CONVERSION = YES;
				CLANG_WARN_INT_CONVERSION = YES;
				CLANG_WARN_OBJC_ROOT_CLASS = YES_ERROR;
				CLANG_WARN_UNREACHABLE_CODE = YES;
				CLANG_WARN__DUPLICATE_METHOD_MATCH = YES;
				"CODE_SIGN_IDENTITY[sdk=iphoneos*]" = "iPhone Developer";
				COPY_PHASE_STRIP = NO;
				DEBUG_INFORMATION_FORMAT = dwarf;
				ENABLE_STRICT_OBJC_MSGSEND = YES;
				ENABLE_TESTABILITY = YES;
				GCC_C_LANGUAGE_STANDARD = gnu99;
				GCC_DYNAMIC_NO_PIC = NO;
				GCC_NO_COMMON_BLOCKS = YES;
				GCC_OPTIMIZATION_LEVEL = 0;
				GCC_PREPROCESSOR_DEFINITIONS = (
					"DEBUG=1",
					"$(inherited)",
				);
				GCC_WARN_64_TO_32_BIT_CONVERSION = YES;
				GCC_WARN_ABOUT_RETURN_TYPE = YES_ERROR;
				GCC_WARN_UNDECLARED_SELECTOR = YES;
				GCC_WARN_UNINITIALIZED_AUTOS = YES_AGGRESSIVE;
				GCC_WARN_UNUSED_FUNCTION = YES;
				GCC_WARN_UNUSED_VARIABLE = YES;
				IPHONEOS_DEPLOYMENT_TARGET = 9.1;
				MTL_ENABLE_DEBUG_INFO = YES;
				ONLY_ACTIVE_ARCH = YES;
				SDKROOT = iphoneos;
				SWIFT_OPTIMIZATION_LEVEL = "-Onone";
				TARGETED_DEVICE_FAMILY = "1,2";
			};
			name = Debug;
		};
		3D1704F71BEC30C50030EC38 /* Release */ = {
			isa = XCBuildConfiguration;
			buildSettings = {
				ALWAYS_SEARCH_USER_PATHS = NO;
				CLANG_CXX_LANGUAGE_STANDARD = "gnu++0x";
				CLANG_CXX_LIBRARY = "libc++";
				CLANG_ENABLE_MODULES = YES;
				CLANG_ENABLE_OBJC_ARC = YES;
				CLANG_WARN_BOOL_CONVERSION = YES;
				CLANG_WARN_CONSTANT_CONVERSION = YES;
				CLANG_WARN_DIRECT_OBJC_ISA_USAGE = YES_ERROR;
				CLANG_WARN_EMPTY_BODY = YES;
				CLANG_WARN_ENUM_CONVERSION = YES;
				CLANG_WARN_INT_CONVERSION = YES;
				CLANG_WARN_OBJC_ROOT_CLASS = YES_ERROR;
				CLANG_WARN_UNREACHABLE_CODE = YES;
				CLANG_WARN__DUPLICATE_METHOD_MATCH = YES;
				"CODE_SIGN_IDENTITY[sdk=iphoneos*]" = "iPhone Developer";
				COPY_PHASE_STRIP = NO;
				DEBUG_INFORMATION_FORMAT = "dwarf-with-dsym";
				ENABLE_NS_ASSERTIONS = NO;
				ENABLE_STRICT_OBJC_MSGSEND = YES;
				GCC_C_LANGUAGE_STANDARD = gnu99;
				GCC_NO_COMMON_BLOCKS = YES;
				GCC_WARN_64_TO_32_BIT_CONVERSION = YES;
				GCC_WARN_ABOUT_RETURN_TYPE = YES_ERROR;
				GCC_WARN_UNDECLARED_SELECTOR = YES;
				GCC_WARN_UNINITIALIZED_AUTOS = YES_AGGRESSIVE;
				GCC_WARN_UNUSED_FUNCTION = YES;
				GCC_WARN_UNUSED_VARIABLE = YES;
				IPHONEOS_DEPLOYMENT_TARGET = 9.1;
				MTL_ENABLE_DEBUG_INFO = NO;
				SDKROOT = iphoneos;
				TARGETED_DEVICE_FAMILY = "1,2";
				VALIDATE_PRODUCT = YES;
			};
			name = Release;
		};
		3D1704F91BEC30C50030EC38 /* Debug */ = {
			isa = XCBuildConfiguration;
			buildSettings = {
				ASSETCATALOG_COMPILER_APPICON_NAME = AppIcon;
				INFOPLIST_FILE = TestTask/Info.plist;
				LD_RUNPATH_SEARCH_PATHS = "$(inherited) @executable_path/Frameworks";
				PRODUCT_BUNDLE_IDENTIFIER = com.shahnawaz.TestTask;
				PRODUCT_NAME = "$(TARGET_NAME)";
			};
			name = Debug;
		};
		3D1704FA1BEC30C50030EC38 /* Release */ = {
			isa = XCBuildConfiguration;
			buildSettings = {
				ASSETCATALOG_COMPILER_APPICON_NAME = AppIcon;
				INFOPLIST_FILE = TestTask/Info.plist;
				LD_RUNPATH_SEARCH_PATHS = "$(inherited) @executable_path/Frameworks";
				PRODUCT_BUNDLE_IDENTIFIER = com.shahnawaz.TestTask;
				PRODUCT_NAME = "$(TARGET_NAME)";
			};
			name = Release;
		};
		3D1704FC1BEC30C50030EC38 /* Debug */ = {
			isa = XCBuildConfiguration;
			buildSettings = {
				BUNDLE_LOADER = "$(TEST_HOST)";
				INFOPLIST_FILE = TestTaskTests/Info.plist;
				LD_RUNPATH_SEARCH_PATHS = "$(inherited) @executable_path/Frameworks @loader_path/Frameworks";
				PRODUCT_BUNDLE_IDENTIFIER = com.shahnawaz.TestTaskTests;
				PRODUCT_NAME = "$(TARGET_NAME)";
				TEST_HOST = "$(BUILT_PRODUCTS_DIR)/TestTask.app/TestTask";
			};
			name = Debug;
		};
		3D1704FD1BEC30C50030EC38 /* Release */ = {
			isa = XCBuildConfiguration;
			buildSettings = {
				BUNDLE_LOADER = "$(TEST_HOST)";
				INFOPLIST_FILE = TestTaskTests/Info.plist;
				LD_RUNPATH_SEARCH_PATHS = "$(inherited) @executable_path/Frameworks @loader_path/Frameworks";
				PRODUCT_BUNDLE_IDENTIFIER = com.shahnawaz.TestTaskTests;
				PRODUCT_NAME = "$(TARGET_NAME)";
				TEST_HOST = "$(BUILT_PRODUCTS_DIR)/TestTask.app/TestTask";
			};
			name = Release;
		};
		3D1704FF1BEC30C50030EC38 /* Debug */ = {
			isa = XCBuildConfiguration;
			buildSettings = {
				INFOPLIST_FILE = TestTaskUITests/Info.plist;
				LD_RUNPATH_SEARCH_PATHS = "$(inherited) @executable_path/Frameworks @loader_path/Frameworks";
				PRODUCT_BUNDLE_IDENTIFIER = com.shahnawaz.TestTaskUITests;
				PRODUCT_NAME = "$(TARGET_NAME)";
				TEST_TARGET_NAME = TestTask;
				USES_XCTRUNNER = YES;
			};
			name = Debug;
		};
		3D1705001BEC30C50030EC38 /* Release */ = {
			isa = XCBuildConfiguration;
			buildSettings = {
				INFOPLIST_FILE = TestTaskUITests/Info.plist;
				LD_RUNPATH_SEARCH_PATHS = "$(inherited) @executable_path/Frameworks @loader_path/Frameworks";
				PRODUCT_BUNDLE_IDENTIFIER = com.shahnawaz.TestTaskUITests;
				PRODUCT_NAME = "$(TARGET_NAME)";
				TEST_TARGET_NAME = TestTask;
				USES_XCTRUNNER = YES;
			};
			name = Release;
		};
/* End XCBuildConfiguration section */

/* Begin XCConfigurationList section */
		3D1704CB1BEC30C40030EC38 /* Build configuration list for PBXProject "TestTask" */ = {
			isa = XCConfigurationList;
			buildConfigurations = (
				3D1704F61BEC30C50030EC38 /* Debug */,
				3D1704F71BEC30C50030EC38 /* Release */,
			);
			defaultConfigurationIsVisible = 0;
			defaultConfigurationName = Release;
		};
		3D1704F81BEC30C50030EC38 /* Build configuration list for PBXNativeTarget "TestTask" */ = {
			isa = XCConfigurationList;
			buildConfigurations = (
				3D1704F91BEC30C50030EC38 /* Debug */,
				3D1704FA1BEC30C50030EC38 /* Release */,
			);
			defaultConfigurationIsVisible = 0;
			defaultConfigurationName = Release;
		};
		3D1704FB1BEC30C50030EC38 /* Build configuration list for PBXNativeTarget "TestTaskTests" */ = {
			isa = XCConfigurationList;
			buildConfigurations = (
				3D1704FC1BEC30C50030EC38 /* Debug */,
				3D1704FD1BEC30C50030EC38 /* Release */,
			);
			defaultConfigurationIsVisible = 0;
			defaultConfigurationName = Release;
		};
		3D1704FE1BEC30C50030EC38 /* Build configuration list for PBXNativeTarget "TestTaskUITests" */ = {
			isa = XCConfigurationList;
			buildConfigurations = (
				3D1704FF1BEC30C50030EC38 /* Debug */,
				3D1705001BEC30C50030EC38 /* Release */,
			);
			defaultConfigurationIsVisible = 0;
			defaultConfigurationName = Release;
		};
/* End XCConfigurationList section */
	};
	rootObject = 3D1704C81BEC30C40030EC38 /* Project object */;
}
